
Microsoft Visual Studio Solution File, Format Version 12.00
# Visual Studio 14
VisualStudioVersion = 14.0.25420.1
MinimumVisualStudioVersion = 10.0.40219.1
Project("{FAE04EC0-301F-11D3-BF4B-00C04F79EFBC}") = "Tipos de triangulos", "Tipos de triangulos\Tipos de triangulos.csproj", "{61C28AD3-3CC9-43A1-9B3B-66B54B95D811}"
EndProject
Global
	GlobalSection(SolutionConfigurationPlatforms) = preSolution
		Debug|Any CPU = Debug|Any CPU
		Release|Any CPU = Release|Any CPU
	EndGlobalSection
	GlobalSection(ProjectConfigurationPlatforms) = postSolution
		{61C28AD3-3CC9-43A1-9B3B-66B54B95D811}.Debug|Any CPU.ActiveCfg = Debug|Any CPU
		{61C28AD3-3CC9-43A1-9B3B-66B54B95D811}.Debug|Any CPU.Build.0 = Debug|Any CPU
		{61C28AD3-3CC9-43A1-9B3B-66B54B95D811}.Release|Any CPU.ActiveCfg = Release|Any CPU
		{61C28AD3-3CC9-43A1-9B3B-66B54B95D811}.Release|Any CPU.Build.0 = Release|Any CPU
	EndGlobalSection
	GlobalSection(SolutionProperties) = preSolution
		HideSolutionNode = FALSE
	EndGlobalSection
EndGlobal
